
Microsoft Visual Studio Solution File, Format Version 12.00
# Visual Studio Version 17
VisualStudioVersion = 17.0.31903.59
MinimumVisualStudioVersion = 10.0.40219.1
Project("{FAE04EC0-301F-11D3-BF4B-00C04F79EFBC}") = "ConferenceRoomBooking.Api", "ConferenceRoomBooking.Api\ConferenceRoomBooking.Api.csproj", "{361E7EA9-F5F3-49BE-B1F5-6F31D6888DE8}"
EndProject
Project("{FAE04EC0-301F-11D3-BF4B-00C04F79EFBC}") = "ConferenceRoomBooking.Core", "ConferenceRoomBooking.Core\ConferenceRoomBooking.Core.csproj", "{1656A019-E57C-4E20-9222-FB715BC2FC7A}"
EndProject
Project("{FAE04EC0-301F-11D3-BF4B-00C04F79EFBC}") = "ConferenceRoomBooking.Infrastructure", "ConferenceRoomBooking.Infrastructure\ConferenceRoomBooking.Infrastructure.csproj", "{1B775561-1DF3-41DD-9637-EBE1342999AA}"
EndProject
Project("{FAE04EC0-301F-11D3-BF4B-00C04F79EFBC}") = "ConferenceRoomBooking.Tests", "ConferenceRoomBooking.Tests\ConferenceRoomBooking.Tests.csproj", "{52051D99-32FA-41B0-BF8C-C7AB9DDC9D28}"
EndProject
Global
	GlobalSection(SolutionConfigurationPlatforms) = preSolution
		Debug|Any CPU = Debug|Any CPU
		Debug|x64 = Debug|x64
		Debug|x86 = Debug|x86
		Release|Any CPU = Release|Any CPU
		Release|x64 = Release|x64
		Release|x86 = Release|x86
	EndGlobalSection
	GlobalSection(ProjectConfigurationPlatforms) = postSolution
		{361E7EA9-F5F3-49BE-B1F5-6F31D6888DE8}.Debug|Any CPU.ActiveCfg = Debug|Any CPU
		{361E7EA9-F5F3-49BE-B1F5-6F31D6888DE8}.Debug|Any CPU.Build.0 = Debug|Any CPU
		{361E7EA9-F5F3-49BE-B1F5-6F31D6888DE8}.Debug|x64.ActiveCfg = Debug|Any CPU
		{361E7EA9-F5F3-49BE-B1F5-6F31D6888DE8}.Debug|x64.Build.0 = Debug|Any CPU
		{361E7EA9-F5F3-49BE-B1F5-6F31D6888DE8}.Debug|x86.ActiveCfg = Debug|Any CPU
		{361E7EA9-F5F3-49BE-B1F5-6F31D6888DE8}.Debug|x86.Build.0 = Debug|Any CPU
		{361E7EA9-F5F3-49BE-B1F5-6F31D6888DE8}.Release|Any CPU.ActiveCfg = Release|Any CPU
		{361E7EA9-F5F3-49BE-B1F5-6F31D6888DE8}.Release|Any CPU.Build.0 = Release|Any CPU
		{361E7EA9-F5F3-49BE-B1F5-6F31D6888DE8}.Release|x64.ActiveCfg = Release|Any CPU
		{361E7EA9-F5F3-49BE-B1F5-6F31D6888DE8}.Release|x64.Build.0 = Release|Any CPU
		{361E7EA9-F5F3-49BE-B1F5-6F31D6888DE8}.Release|x86.ActiveCfg = Release|Any CPU
		{361E7EA9-F5F3-49BE-B1F5-6F31D6888DE8}.Release|x86.Build.0 = Release|Any CPU
		{1656A019-E57C-4E20-9222-FB715BC2FC7A}.Debug|Any CPU.ActiveCfg = Debug|Any CPU
		{1656A019-E57C-4E20-9222-FB715BC2FC7A}.Debug|Any CPU.Build.0 = Debug|Any CPU
		{1656A019-E57C-4E20-9222-FB715BC2FC7A}.Debug|x64.ActiveCfg = Debug|Any CPU
		{1656A019-E57C-4E20-9222-FB715BC2FC7A}.Debug|x64.Build.0 = Debug|Any CPU
		{1656A019-E57C-4E20-9222-FB715BC2FC7A}.Debug|x86.ActiveCfg = Debug|Any CPU
		{1656A019-E57C-4E20-9222-FB715BC2FC7A}.Debug|x86.Build.0 = Debug|Any CPU
		{1656A019-E57C-4E20-9222-FB715BC2FC7A}.Release|Any CPU.ActiveCfg = Release|Any CPU
		{1656A019-E57C-4E20-9222-FB715BC2FC7A}.Release|Any CPU.Build.0 = Release|Any CPU
		{1656A019-E57C-4E20-9222-FB715BC2FC7A}.Release|x64.ActiveCfg = Release|Any CPU
		{1656A019-E57C-4E20-9222-FB715BC2FC7A}.Release|x64.Build.0 = Release|Any CPU
		{1656A019-E57C-4E20-9222-FB715BC2FC7A}.Release|x86.ActiveCfg = Release|Any CPU
		{1656A019-E57C-4E20-9222-FB715BC2FC7A}.Release|x86.Build.0 = Release|Any CPU
		{1B775561-1DF3-41DD-9637-EBE1342999AA}.Debug|Any CPU.ActiveCfg = Debug|Any CPU
		{1B775561-1DF3-41DD-9637-EBE1342999AA}.Debug|Any CPU.Build.0 = Debug|Any CPU
		{1B775561-1DF3-41DD-9637-EBE1342999AA}.Debug|x64.ActiveCfg = Debug|Any CPU
		{1B775561-1DF3-41DD-9637-EBE1342999AA}.Debug|x64.Build.0 = Debug|Any CPU
		{1B775561-1DF3-41DD-9637-EBE1342999AA}.Debug|x86.ActiveCfg = Debug|Any CPU
		{1B775561-1DF3-41DD-9637-EBE1342999AA}.Debug|x86.Build.0 = Debug|Any CPU
		{1B775561-1DF3-41DD-9637-EBE1342999AA}.Release|Any CPU.ActiveCfg = Release|Any CPU
		{1B775561-1DF3-41DD-9637-EBE1342999AA}.Release|Any CPU.Build.0 = Release|Any CPU
		{1B775561-1DF3-41DD-9637-EBE1342999AA}.Release|x64.ActiveCfg = Release|Any CPU
		{1B775561-1DF3-41DD-9637-EBE1342999AA}.Release|x64.Build.0 = Release|Any CPU
		{1B775561-1DF3-41DD-9637-EBE1342999AA}.Release|x86.ActiveCfg = Release|Any CPU
		{1B775561-1DF3-41DD-9637-EBE1342999AA}.Release|x86.Build.0 = Release|Any CPU
		{52051D99-32FA-41B0-BF8C-C7AB9DDC9D28}.Debug|Any CPU.ActiveCfg = Debug|Any CPU
		{52051D99-32FA-41B0-BF8C-C7AB9DDC9D28}.Debug|Any CPU.Build.0 = Debug|Any CPU
		{52051D99-32FA-41B0-BF8C-C7AB9DDC9D28}.Debug|x64.ActiveCfg = Debug|Any CPU
		{52051D99-32FA-41B0-BF8C-C7AB9DDC9D28}.Debug|x64.Build.0 = Debug|Any CPU
		{52051D99-32FA-41B0-BF8C-C7AB9DDC9D28}.Debug|x86.ActiveCfg = Debug|Any CPU
		{52051D99-32FA-41B0-BF8C-C7AB9DDC9D28}.Debug|x86.Build.0 = Debug|Any CPU
		{52051D99-32FA-41B0-BF8C-C7AB9DDC9D28}.Release|Any CPU.ActiveCfg = Release|Any CPU
		{52051D99-32FA-41B0-BF8C-C7AB9DDC9D28}.Release|Any CPU.Build.0 = Release|Any CPU
		{52051D99-32FA-41B0-BF8C-C7AB9DDC9D28}.Release|x64.ActiveCfg = Release|Any CPU
		{52051D99-32FA-41B0-BF8C-C7AB9DDC9D28}.Release|x64.Build.0 = Release|Any CPU
		{52051D99-32FA-41B0-BF8C-C7AB9DDC9D28}.Release|x86.ActiveCfg = Release|Any CPU
		{52051D99-32FA-41B0-BF8C-C7AB9DDC9D28}.Release|x86.Build.0 = Release|Any CPU
	EndGlobalSection
	GlobalSection(SolutionProperties) = preSolution
		HideSolutionNode = FALSE
	EndGlobalSection
EndGlobal
